{
  "name": "@sailingnaturali/journey-data-pipeline",
  "version": "0.1.0",
  "lockfileVersion": 3,
  "requires": true,
  "packages": {
    "": {
      "name": "@sailingnaturali/journey-data-pipeline",
      "version": "0.1.0",
      "license": "MIT",
      "dependencies": {
        "@signalk/nmea0183-signalk": "^3.20.0",
        "ws": "^8.21.0"
      }
    },
    "node_modules/@apidevtools/json-schema-ref-parser": {
      "version": "9.1.2",
      "resolved": "https://registry.npmjs.org/@apidevtools/json-schema-ref-parser/-/json-schema-ref-parser-9.1.2.tgz",
      "integrity": "sha512-r1w81DpR+KyRWd3f+rk6TNqMgedmAxZP5v5KWlXQWlgMUUtyEJch0DKEci1SorPMiSeM8XPl7MZ3miJ60JIpQg==",
      "license": "MIT",
      "dependencies": {
        "@jsdevtools/ono": "^7.1.3",
        "@types/json-schema": "^7.0.6",
        "call-me-maybe": "^1.0.1",
        "js-yaml": "^4.1.0"
      }
    },
    "node_modules/@jsdevtools/ono": {
      "version": "7.1.3",
      "resolved": "https://registry.npmjs.org/@jsdevtools/ono/-/ono-7.1.3.tgz",
      "integrity": "sha512-4JQNk+3mVzK3xh2rqd6RB4J46qUR19azEHBneZyTZM+c456qOrbbM/5xcR8huNCCcbVt7+UmizG6GuUvPvKUYg==",
      "license": "MIT"
    },
    "node_modules/@signalk/nmea0183-signalk": {
      "version": "3.20.0",
      "resolved": "https://registry.npmjs.org/@signalk/nmea0183-signalk/-/nmea0183-signalk-3.20.0.tgz",
      "integrity": "sha512-MjsKwRTeC2/KkAOq0B3ywAbxKjPuj7HYND62mZYKOdy2vHo0ghtvZFw9bf9ZeU4ZQZybULjF9jFyu24JfIgqiw==",
      "license": "Apache-2.0",
      "dependencies": {
        "@signalk/nmea0183-utilities": "^1.1.1",
        "@signalk/signalk-schema": "^1.7.1",
        "ggencoder": "^1.0.8",
        "split": "^1.0.1"
      },
      "bin": {
        "nmea0183-signalk": "dist/bin/nmea0183-signalk.js"
      },
      "engines": {
        "//": "Floor at 20.10 to support Venus CerboGX firmware (currently Node 20.18.2). Bump back to >=22 once Cerbo ships a newer Node.",
        "node": ">=20.10"
      }
    },
    "node_modules/@signalk/nmea0183-utilities": {
      "version": "1.1.1",
      "resolved": "https://registry.npmjs.org/@signalk/nmea0183-utilities/-/nmea0183-utilities-1.1.1.tgz",
      "integrity": "sha512-VzqEc6lMFOCEeXt50IrhkI6CHw/Ejn4Ny3k+PRUiVdE/YiH/8FxIG3J51a2/DnVHskmyEhxYO43jzrKMqfvvIg==",
      "license": "Apache-2.0",
      "engines": {
        "//": "Floor at 20.10 to support Venus CerboGX firmware (currently Node 20.18.2). Bump back to >=22 once Cerbo ships a newer Node.",
        "node": ">=20.10"
      }
    },
    "node_modules/@signalk/signalk-schema": {
      "version": "1.8.2",
      "resolved": "https://registry.npmjs.org/@signalk/signalk-schema/-/signalk-schema-1.8.2.tgz",
      "integrity": "sha512-HgVHAvLe+k7DQZAzGieIRr+JPm9j0A0y5UIL0gRrsMD4O3mJo8A2YYSN+4O0jmFt2X+PQxLCaVPBJuIVO9j12Q==",
      "license": "CC-BY-SA-2.0",
      "dependencies": {
        "@apidevtools/json-schema-ref-parser": "^9.1.0",
        "debug": "^4.3.1",
        "JSONStream": "^0.7.4",
        "lodash": "^4.17.21",
        "tv4": "^1.2.7",
        "tv4-formats": "^3.0.3"
      },
      "bin": {
        "signalk-validate-full": "bin/validate.js"
      },
      "funding": {
        "url": "https://opencollective.com/signalk"
      }
    },
    "node_modules/@types/json-schema": {
      "version": "7.0.15",
      "resolved": "https://registry.npmjs.org/@types/json-schema/-/json-schema-7.0.15.tgz",
      "integrity": "sha512-5+fP8P8MFNC+AyZCDxrB2pkZFPGzqQWUzpSeuuVLvm8VMcorNYavBqoFcxK8bQz4Qsbn4oUEEem4wDLfcysGHA==",
      "license": "MIT"
    },
    "node_modules/argparse": {
      "version": "2.0.1",
      "resolved": "https://registry.npmjs.org/argparse/-/argparse-2.0.1.tgz",
      "integrity": "sha512-8+9WqebbFzpX9OR+Wa6O29asIogeRMzcGtAINdpMHHyAg10f05aSFVBbcEqGf/PXw1EjAZ+q2/bEBg3DvurK3Q==",
      "license": "Python-2.0"
    },
    "node_modules/call-me-maybe": {
      "version": "1.0.2",
      "resolved": "https://registry.npmjs.org/call-me-maybe/-/call-me-maybe-1.0.2.tgz",
      "integrity": "sha512-HpX65o1Hnr9HH25ojC1YGs7HCQLq0GCOibSaWER0eNpgJ/Z1MZv2mTc7+xh6WOPxbRVcmgbv4hGU+uSQ/2xFZQ==",
      "license": "MIT"
    },
    "node_modules/debug": {
      "version": "4.4.3",
      "resolved": "https://registry.npmjs.org/debug/-/debug-4.4.3.tgz",
      "integrity": "sha512-RGwwWnwQvkVfavKVt22FGLw+xYSdzARwm0ru6DhTVA3umU5hZc28V3kO4stgYryrTlLpuvgI9GiijltAjNbcqA==",
      "license": "MIT",
      "dependencies": {
        "ms": "^2.1.3"
      },
      "engines": {
        "node": ">=6.0"
      },
      "peerDependenciesMeta": {
        "supports-color": {
          "optional": true
        }
      }
    },
    "node_modules/ggencoder": {
      "version": "1.0.9",
      "resolved": "https://registry.npmjs.org/ggencoder/-/ggencoder-1.0.9.tgz",
      "integrity": "sha512-k8a5axQFN10t+AC+E/YPZ/JXXpmAb9RIcO6uUrVniPfiQCBNtRDLIqQU4DzYXzYbicK0Tmr5pa8PHCrn+oUlkA==",
      "license": "apache20",
      "bin": {
        "Ais2JsonClient": "bin/Ais2JsonClient.js"
      }
    },
    "node_modules/js-yaml": {
      "version": "4.2.0",
      "resolved": "https://registry.npmjs.org/js-yaml/-/js-yaml-4.2.0.tgz",
      "integrity": "sha512-ePWsvanv0DWuDRsW8dnt+R4jQ31SCRCQ7hhNcPXZPsoBZiemuZNYGf7adZdqX2D86j6rvKp3RpCxVTSb8WQlOw==",
      "funding": [
        {
          "type": "github",
          "url": "https://github.com/sponsors/puzrin"
        },
        {
          "type": "github",
          "url": "https://github.com/sponsors/nodeca"
        }
      ],
      "license": "MIT",
      "dependencies": {
        "argparse": "^2.0.1"
      },
      "bin": {
        "js-yaml": "bin/js-yaml.js"
      }
    },
    "node_modules/jsonparse": {
      "version": "0.0.5",
      "resolved": "https://registry.npmjs.org/jsonparse/-/jsonparse-0.0.5.tgz",
      "integrity": "sha512-fw7Q/8gFR8iSekUi9I+HqWIap6mywuoe7hQIg3buTVjuZgALKj4HAmm0X6f+TaL4c9NJbvyFQdaI2ppr5p6dnQ==",
      "engines": [
        "node >= 0.2.0"
      ],
      "license": "MIT"
    },
    "node_modules/JSONStream": {
      "version": "0.7.4",
      "resolved": "https://registry.npmjs.org/JSONStream/-/JSONStream-0.7.4.tgz",
      "integrity": "sha512-hVgF0Ox1AtvxJmpwzb2dOEUz2ms1J8DZVbqKUSIGSyPBPy0MuxCJsQxj8y5dadTzsjI+T4TpyyhXORPdz15m9w==",
      "dependencies": {
        "jsonparse": "0.0.5",
        "through": ">=2.2.7 <3"
      },
      "engines": {
        "node": "*"
      }
    },
    "node_modules/lodash": {
      "version": "4.18.1",
      "resolved": "https://registry.npmjs.org/lodash/-/lodash-4.18.1.tgz",
      "integrity": "sha512-dMInicTPVE8d1e5otfwmmjlxkZoUpiVLwyeTdUsi/Caj/gfzzblBcCE5sRHV/AsjuCmxWrte2TNGSYuCeCq+0Q==",
      "license": "MIT"
    },
    "node_modules/moment": {
      "version": "2.30.1",
      "resolved": "https://registry.npmjs.org/moment/-/moment-2.30.1.tgz",
      "integrity": "sha512-uEmtNhbDOrWPFS+hdjFCBfy9f2YoyzRpwcl+DqpC6taX21FzsTLQVbMV/W7PzNSX6x/bhC1zA3c2UQ5NzH6how==",
      "license": "MIT",
      "engines": {
        "node": "*"
      }
    },
    "node_modules/ms": {
      "version": "2.1.3",
      "resolved": "https://registry.npmjs.org/ms/-/ms-2.1.3.tgz",
      "integrity": "sha512-6FlzubTLZG3J2a/NVCAleEhjzq5oxgHyaCU9yYXvcLsvoVaHJq/s5xXI6/XXP6tz7R9xAOtHnSO/tXtF3WRTlA==",
      "license": "MIT"
    },
    "node_modules/split": {
      "version": "1.0.1",
      "resolved": "https://registry.npmjs.org/split/-/split-1.0.1.tgz",
      "integrity": "sha512-mTyOoPbrivtXnwnIxZRFYRrPNtEFKlpB2fvjSnCQUiAA6qAZzqwna5envK4uk6OIeP17CsdF3rSBGYVBsU0Tkg==",
      "license": "MIT",
      "dependencies": {
        "through": "2"
      },
      "engines": {
        "node": "*"
      }
    },
    "node_modules/through": {
      "version": "2.3.8",
      "resolved": "https://registry.npmjs.org/through/-/through-2.3.8.tgz",
      "integrity": "sha512-w89qg7PI8wAdvX60bMDP+bFoD5Dvhm9oLheFp5O4a2QF0cSBGsBX4qZmadPMvVqlLJBBci+WqGGOAPvcDeNSVg==",
      "license": "MIT"
    },
    "node_modules/tv4": {
      "version": "1.3.0",
      "resolved": "https://registry.npmjs.org/tv4/-/tv4-1.3.0.tgz",
      "integrity": "sha512-afizzfpJgvPr+eDkREK4MxJ/+r8nEEHcmitwgnPUqpaP+FpwQyadnxNoSACbgc/b1LsZYtODGoPiFxQrgJgjvw==",
      "license": [
        {
          "type": "Public Domain",
          "url": "http://geraintluff.github.io/tv4/LICENSE.txt"
        },
        {
          "type": "MIT",
          "url": "http://jsonary.com/LICENSE.txt"
        }
      ],
      "engines": {
        "node": ">= 0.8.0"
      }
    },
    "node_modules/tv4-formats": {
      "version": "3.0.6",
      "resolved": "https://registry.npmjs.org/tv4-formats/-/tv4-formats-3.0.6.tgz",
      "integrity": "sha512-Ot8SLNfSCgrvqL+mjfzb8AZ3c3hlIHTpZ5rYW+Qw6HdXYLXaMaNwS5d9xmMmI20Zk2JBQH/QYcSOUOhnEsY6FA==",
      "license": "MIT",
      "dependencies": {
        "moment": "^2.10.6",
        "validator": "^13.15.20"
      }
    },
    "node_modules/validator": {
      "version": "13.15.35",
      "resolved": "https://registry.npmjs.org/validator/-/validator-13.15.35.tgz",
      "integrity": "sha512-TQ5pAGhd5whStmqWvYF4OjQROlmv9SMFVt37qoCBdqRffuuklWYQlCNnEs2ZaIBD1kZRNnikiZOS1eqgkar0iw==",
      "license": "MIT",
      "engines": {
        "node": ">= 0.10"
      }
    },
    "node_modules/ws": {
      "version": "8.21.0",
      "resolved": "https://registry.npmjs.org/ws/-/ws-8.21.0.tgz",
      "integrity": "sha512-Vsp28b7DRcimFQvrqu2Wek3z1iYxDCWqHYB8Qsnk/S4RfaCQzPGPyBNuVjJV3cd6UiKtUtp6sNM77gWvzcCH+g==",
      "license": "MIT",
      "engines": {
        "node": ">=10.0.0"
      },
      "peerDependencies": {
        "bufferutil": "^4.0.1",
        "utf-8-validate": ">=5.0.2"
      },
      "peerDependenciesMeta": {
        "bufferutil": {
          "optional": true
        },
        "utf-8-validate": {
          "optional": true
        }
      }
    }
  }
}
